{
  "version": 4,
  "terraform_version": "1.9.8",
  "serial": 3,
  "lineage": "55df4a6d-3dd2-5963-c15f-314c724e6c5c",
  "outputs": {},
  "resources": [
    {
      "mode": "managed",
      "type": "aws_vpc",
      "name": "vpc_ohio",
      "provider": "provider[\"registry.terraform.io/hashicorp/aws\"].ohio",
      "instances": [
        {
          "schema_version": 1,
          "attributes": {
            "arn": "arn:aws:ec2:us-east-2:924381627743:vpc/vpc-0bd09dcaaae3a543d",
            "assign_generated_ipv6_cidr_block": false,
            "cidr_block": "10.10.0.0/16",
            "default_network_acl_id": "acl-037791a682d4f55af",
            "default_route_table_id": "rtb-0b1743fb659804165",
            "default_security_group_id": "sg-0bece08056639b4f3",
            "dhcp_options_id": "dopt-e584e18e",
            "enable_dns_hostnames": false,
            "enable_dns_support": true,
            "enable_network_address_usage_metrics": false,
            "id": "vpc-0bd09dcaaae3a543d",
            "instance_tenancy": "default",
            "ipv4_ipam_pool_id": null,
            "ipv4_netmask_length": null,
            "ipv6_association_id": "",
            "ipv6_cidr_block": "",
            "ipv6_cidr_block_network_border_group": "",
            "ipv6_ipam_pool_id": "",
            "ipv6_netmask_length": 0,
            "main_route_table_id": "rtb-0b1743fb659804165",
            "owner_id": "924381627743",
            "tags": {
              "Name": "VPC_OHIO",
              "env": "dev"
            },
            "tags_all": {
              "Name": "VPC_OHIO",
              "env": "dev"
            }
          },
          "sensitive_attributes": [],
          "private": "eyJzY2hlbWFfdmVyc2lvbiI6IjEifQ=="
        }
      ]
    },
    {
      "mode": "managed",
      "type": "aws_vpc",
      "name": "vpc_virginia",
      "provider": "provider[\"registry.terraform.io/hashicorp/aws\"]",
      "instances": [
        {
          "schema_version": 1,
          "attributes": {
            "arn": "arn:aws:ec2:us-east-1:924381627743:vpc/vpc-0e44a8328368bf7ce",
            "assign_generated_ipv6_cidr_block": false,
            "cidr_block": "10.10.0.0/16",
            "default_network_acl_id": "acl-0770d26f7c0dc915c",
            "default_route_table_id": "rtb-028ebbc44fcaa0583",
            "default_security_group_id": "sg-0cb4d7671d612ad7d",
            "dhcp_options_id": "dopt-0e4055d3ff499575a",
            "enable_dns_hostnames": false,
            "enable_dns_support": true,
            "enable_network_address_usage_metrics": false,
            "id": "vpc-0e44a8328368bf7ce",
            "instance_tenancy": "default",
            "ipv4_ipam_pool_id": null,
            "ipv4_netmask_length": null,
            "ipv6_association_id": "",
            "ipv6_cidr_block": "",
            "ipv6_cidr_block_network_border_group": "",
            "ipv6_ipam_pool_id": "",
            "ipv6_netmask_length": 0,
            "main_route_table_id": "rtb-028ebbc44fcaa0583",
            "owner_id": "924381627743",
            "tags": {
              "Name": "VPC_VIRGINIA",
              "env": "dev"
            },
            "tags_all": {
              "Name": "VPC_VIRGINIA",
              "env": "dev"
            }
          },
          "sensitive_attributes": [],
          "private": "eyJzY2hlbWFfdmVyc2lvbiI6IjEifQ=="
        }
      ]
    }
  ],
  "check_results": null
}
